
Microsoft Visual Studio Solution File, Format Version 12.00
# Visual Studio Version 16
VisualStudioVersion = 16.0.33423.256
MinimumVisualStudioVersion = 10.0.40219.1
Project("{FAE04EC0-301F-11D3-BF4B-00C04F79EFBC}") = "Prueba1.1.26.03", "Prueba1.1.26.03\Prueba1.1.26.03.csproj", "{2EA52200-46C6-4F98-8943-074AB82C64FB}"
EndProject
Global
	GlobalSection(SolutionConfigurationPlatforms) = preSolution
		Debug|Any CPU = Debug|Any CPU
		Release|Any CPU = Release|Any CPU
	EndGlobalSection
	GlobalSection(ProjectConfigurationPlatforms) = postSolution
		{2EA52200-46C6-4F98-8943-074AB82C64FB}.Debug|Any CPU.ActiveCfg = Debug|Any CPU
		{2EA52200-46C6-4F98-8943-074AB82C64FB}.Debug|Any CPU.Build.0 = Debug|Any CPU
		{2EA52200-46C6-4F98-8943-074AB82C64FB}.Release|Any CPU.ActiveCfg = Release|Any CPU
		{2EA52200-46C6-4F98-8943-074AB82C64FB}.Release|Any CPU.Build.0 = Release|Any CPU
	EndGlobalSection
	GlobalSection(SolutionProperties) = preSolution
		HideSolutionNode = FALSE
	EndGlobalSection
	GlobalSection(ExtensibilityGlobals) = postSolution
		SolutionGuid = {3018B616-729A-468C-8054-8F58B2EAEE89}
	EndGlobalSection
EndGlobal
